// !$*UTF8*$!
{
	archiveVersion = 1;
	classes = {
	};
	objectVersion = 56;
	objects = {

/* Begin PBXBuildFile section */
		F82A0B9028F9CB22004D9B3D /* ErrorPresenterProtocol.swift in Sources */ = {isa = PBXBuildFile; fileRef = F82A0B8F28F9CB22004D9B3D /* ErrorPresenterProtocol.swift */; };
		F82A0B9228F9CDBC004D9B3D /* ErrorHandlingView.swift in Sources */ = {isa = PBXBuildFile; fileRef = F82A0B9128F9CDBC004D9B3D /* ErrorHandlingView.swift */; };
		F82A0B9528F9D18C004D9B3D /* VehicleDetailsViewController.swift in Sources */ = {isa = PBXBuildFile; fileRef = F82A0B9428F9D18C004D9B3D /* VehicleDetailsViewController.swift */; };
		F82A0B9728F9D1E9004D9B3D /* VehicleDetailsPresenter.swift in Sources */ = {isa = PBXBuildFile; fileRef = F82A0B9628F9D1E9004D9B3D /* VehicleDetailsPresenter.swift */; };
		F82A0B9928F9D27F004D9B3D /* VehicleRepositoryService.swift in Sources */ = {isa = PBXBuildFile; fileRef = F82A0B9828F9D27F004D9B3D /* VehicleRepositoryService.swift */; };
		F82A0B9B28F9D30F004D9B3D /* VehicleDetailsAssembly.swift in Sources */ = {isa = PBXBuildFile; fileRef = F82A0B9A28F9D30F004D9B3D /* VehicleDetailsAssembly.swift */; };
		F82A0B9D28F9D351004D9B3D /* VehicleDetailsInteractor.swift in Sources */ = {isa = PBXBuildFile; fileRef = F82A0B9C28F9D351004D9B3D /* VehicleDetailsInteractor.swift */; };
		F82A0BA028F9DA0D004D9B3D /* ActivityIndicatorView.swift in Sources */ = {isa = PBXBuildFile; fileRef = F82A0B9F28F9DA0D004D9B3D /* ActivityIndicatorView.swift */; };
		F82A0BA228F9DBF1004D9B3D /* LoadingView.swift in Sources */ = {isa = PBXBuildFile; fileRef = F82A0BA128F9DBF1004D9B3D /* LoadingView.swift */; };
		F82A0BA428F9DD1C004D9B3D /* LoadingPresenterProtocol.swift in Sources */ = {isa = PBXBuildFile; fileRef = F82A0BA328F9DD1C004D9B3D /* LoadingPresenterProtocol.swift */; };
		F82A0BA728F9E05F004D9B3D /* VehicleTypeExtensions.swift in Sources */ = {isa = PBXBuildFile; fileRef = F82A0BA628F9E05F004D9B3D /* VehicleTypeExtensions.swift */; };
		F82A0BA928F9E960004D9B3D /* VehicleFinderService.swift in Sources */ = {isa = PBXBuildFile; fileRef = F82A0BA828F9E960004D9B3D /* VehicleFinderService.swift */; };
		F82A0BAB28F9ECF5004D9B3D /* VehicleDtoExtensions.swift in Sources */ = {isa = PBXBuildFile; fileRef = F82A0BAA28F9ECF5004D9B3D /* VehicleDtoExtensions.swift */; };
		F82A0BB028F9F344004D9B3D /* VehicleDetailsViewModel.swift in Sources */ = {isa = PBXBuildFile; fileRef = F82A0BAF28F9F344004D9B3D /* VehicleDetailsViewModel.swift */; };
		F82A0BB228F9F6AB004D9B3D /* UILabelExtensions.swift in Sources */ = {isa = PBXBuildFile; fileRef = F82A0BB128F9F6AB004D9B3D /* UILabelExtensions.swift */; };
		F8921C7D28F60A7000504274 /* AppDelegate.swift in Sources */ = {isa = PBXBuildFile; fileRef = F8921C7C28F60A7000504274 /* AppDelegate.swift */; };
		F8921C8628F60A7100504274 /* Assets.xcassets in Resources */ = {isa = PBXBuildFile; fileRef = F8921C8528F60A7100504274 /* Assets.xcassets */; };
		F8921C8928F60A7100504274 /* LaunchScreen.storyboard in Resources */ = {isa = PBXBuildFile; fileRef = F8921C8728F60A7100504274 /* LaunchScreen.storyboard */; };
		F8921C9428F60A7200504274 /* ScootersTests.swift in Sources */ = {isa = PBXBuildFile; fileRef = F8921C9328F60A7200504274 /* ScootersTests.swift */; };
		F8921C9E28F60A7200504274 /* ScootersUITests.swift in Sources */ = {isa = PBXBuildFile; fileRef = F8921C9D28F60A7200504274 /* ScootersUITests.swift */; };
		F8921CA028F60A7200504274 /* ScootersUITestsLaunchTests.swift in Sources */ = {isa = PBXBuildFile; fileRef = F8921C9F28F60A7200504274 /* ScootersUITestsLaunchTests.swift */; };
		F8921CB328F610AC00504274 /* HomeCoordinator.swift in Sources */ = {isa = PBXBuildFile; fileRef = F8921CB228F610AC00504274 /* HomeCoordinator.swift */; };
		F8921CB528F610EE00504274 /* AppCoordinator.swift in Sources */ = {isa = PBXBuildFile; fileRef = F8921CB428F610EE00504274 /* AppCoordinator.swift */; };
		F8921CB828F6126000504274 /* Alamofire in Frameworks */ = {isa = PBXBuildFile; productRef = F8921CB728F6126000504274 /* Alamofire */; };
		F8921CBB28F612A000504274 /* Swinject in Frameworks */ = {isa = PBXBuildFile; productRef = F8921CBA28F612A000504274 /* Swinject */; };
		F8921CBE28F749F300504274 /* Localizable.strings in Resources */ = {isa = PBXBuildFile; fileRef = F8921CC028F749F300504274 /* Localizable.strings */; };
		F8921CC428F74B4500504274 /* Assets.swift in Sources */ = {isa = PBXBuildFile; fileRef = F8921CC328F74B4500504274 /* Assets.swift */; };
		F8921CC628F74F2000504274 /* Strings.swift in Sources */ = {isa = PBXBuildFile; fileRef = F8921CC528F74F2000504274 /* Strings.swift */; };
		F8921CC828F7517900504274 /* Dependencies.swift in Sources */ = {isa = PBXBuildFile; fileRef = F8921CC728F7517900504274 /* Dependencies.swift */; };
		F8921CCB28F7581C00504274 /* UIViewExtensions.swift in Sources */ = {isa = PBXBuildFile; fileRef = F8921CCA28F7581C00504274 /* UIViewExtensions.swift */; };
		F8921CCD28F7596F00504274 /* HomeViewController.swift in Sources */ = {isa = PBXBuildFile; fileRef = F8921CCC28F7596F00504274 /* HomeViewController.swift */; };
		F8921CCF28F7599500504274 /* HomePresenter.swift in Sources */ = {isa = PBXBuildFile; fileRef = F8921CCE28F7599500504274 /* HomePresenter.swift */; };
		F8921CD228F75B3800504274 /* RootContainerViewController.swift in Sources */ = {isa = PBXBuildFile; fileRef = F8921CD128F75B3800504274 /* RootContainerViewController.swift */; };
		F8921CD428F75D4400504274 /* UIViewControllerExtensions.swift in Sources */ = {isa = PBXBuildFile; fileRef = F8921CD328F75D4400504274 /* UIViewControllerExtensions.swift */; };
		F8921CD728F766A700504274 /* NetworkClient.swift in Sources */ = {isa = PBXBuildFile; fileRef = F8921CD628F766A700504274 /* NetworkClient.swift */; };
		F8921CDA28F768D600504274 /* VehiclesApi.swift in Sources */ = {isa = PBXBuildFile; fileRef = F8921CD928F768D600504274 /* VehiclesApi.swift */; };
		F8921CDE28F76AB200504274 /* HomeAssembly.swift in Sources */ = {isa = PBXBuildFile; fileRef = F8921CDD28F76AB200504274 /* HomeAssembly.swift */; };
		F8921CE028F76AC900504274 /* NetworkAssembly.swift in Sources */ = {isa = PBXBuildFile; fileRef = F8921CDF28F76AC900504274 /* NetworkAssembly.swift */; };
		F8921CE928F8813A00504274 /* BaseUrlProvider.swift in Sources */ = {isa = PBXBuildFile; fileRef = F8921CE828F8813A00504274 /* BaseUrlProvider.swift */; };
		F8921CEB28F8819900504274 /* VehiclesResponseDTO.swift in Sources */ = {isa = PBXBuildFile; fileRef = F8921CEA28F8819900504274 /* VehiclesResponseDTO.swift */; };
		F8921CED28F8839B00504274 /* VehicleDTO.swift in Sources */ = {isa = PBXBuildFile; fileRef = F8921CEC28F8839B00504274 /* VehicleDTO.swift */; };
		F8921CEF28F883AF00504274 /* VehicleAttributesDTO.swift in Sources */ = {isa = PBXBuildFile; fileRef = F8921CEE28F883AF00504274 /* VehicleAttributesDTO.swift */; };
		F8921CF128F883D000504274 /* VehicleType.swift in Sources */ = {isa = PBXBuildFile; fileRef = F8921CF028F883D000504274 /* VehicleType.swift */; };
		F8921CF328F8885400504274 /* HomeInteractor.swift in Sources */ = {isa = PBXBuildFile; fileRef = F8921CF228F8885400504274 /* HomeInteractor.swift */; };
		F8921CF528F8941100504274 /* Fonts.swift in Sources */ = {isa = PBXBuildFile; fileRef = F8921CF428F8941100504274 /* Fonts.swift */; };
		F8921CF728F8977600504274 /* NSLayoutConstraintExtensions.swift in Sources */ = {isa = PBXBuildFile; fileRef = F8921CF628F8977500504274 /* NSLayoutConstraintExtensions.swift */; };
		F8921CFA28F89AD600504274 /* HomeModel.swift in Sources */ = {isa = PBXBuildFile; fileRef = F8921CF928F89AD600504274 /* HomeModel.swift */; };
		F8921CFD28F89E2300504274 /* ReusableView.swift in Sources */ = {isa = PBXBuildFile; fileRef = F8921CFC28F89E2300504274 /* ReusableView.swift */; };
		F8921D0028F89EB200504274 /* VehicleAnnotationView.swift in Sources */ = {isa = PBXBuildFile; fileRef = F8921CFF28F89EB200504274 /* VehicleAnnotationView.swift */; };
		F8921D0228F89EE800504274 /* VehicleClusterAnnotationView.swift in Sources */ = {isa = PBXBuildFile; fileRef = F8921D0128F89EE800504274 /* VehicleClusterAnnotationView.swift */; };
		F8921D0428F8B44300504274 /* ClientInterceptor.swift in Sources */ = {isa = PBXBuildFile; fileRef = F8921D0328F8B44300504274 /* ClientInterceptor.swift */; };
		F8921D0728F8B82B00504274 /* LocationService.swift in Sources */ = {isa = PBXBuildFile; fileRef = F8921D0628F8B82B00504274 /* LocationService.swift */; };
		F8921D0928F8BBAD00504274 /* CoreAssembly.swift in Sources */ = {isa = PBXBuildFile; fileRef = F8921D0828F8BBAD00504274 /* CoreAssembly.swift */; };
/* End PBXBuildFile section */

/* Begin PBXContainerItemProxy section */
		F8921C9028F60A7200504274 /* PBXContainerItemProxy */ = {
			isa = PBXContainerItemProxy;
			containerPortal = F8921C7128F60A6F00504274 /* Project object */;
			proxyType = 1;
			remoteGlobalIDString = F8921C7828F60A7000504274;
			remoteInfo = Scooters;
		};
		F8921C9A28F60A7200504274 /* PBXContainerItemProxy */ = {
			isa = PBXContainerItemProxy;
			containerPortal = F8921C7128F60A6F00504274 /* Project object */;
			proxyType = 1;
			remoteGlobalIDString = F8921C7828F60A7000504274;
			remoteInfo = Scooters;
		};
/* End PBXContainerItemProxy section */

/* Begin PBXFileReference section */
		F82A0B8F28F9CB22004D9B3D /* ErrorPresenterProtocol.swift */ = {isa = PBXFileReference; lastKnownFileType = sourcecode.swift; path = ErrorPresenterProtocol.swift; sourceTree = "<group>"; };
		F82A0B9128F9CDBC004D9B3D /* ErrorHandlingView.swift */ = {isa = PBXFileReference; lastKnownFileType = sourcecode.swift; path = ErrorHandlingView.swift; sourceTree = "<group>"; };
		F82A0B9428F9D18C004D9B3D /* VehicleDetailsViewController.swift */ = {isa = PBXFileReference; lastKnownFileType = sourcecode.swift; path = VehicleDetailsViewController.swift; sourceTree = "<group>"; };
		F82A0B9628F9D1E9004D9B3D /* VehicleDetailsPresenter.swift */ = {isa = PBXFileReference; lastKnownFileType = sourcecode.swift; path = VehicleDetailsPresenter.swift; sourceTree = "<group>"; };
		F82A0B9828F9D27F004D9B3D /* VehicleRepositoryService.swift */ = {isa = PBXFileReference; lastKnownFileType = sourcecode.swift; path = VehicleRepositoryService.swift; sourceTree = "<group>"; };
		F82A0B9A28F9D30F004D9B3D /* VehicleDetailsAssembly.swift */ = {isa = PBXFileReference; lastKnownFileType = sourcecode.swift; path = VehicleDetailsAssembly.swift; sourceTree = "<group>"; };
		F82A0B9C28F9D351004D9B3D /* VehicleDetailsInteractor.swift */ = {isa = PBXFileReference; lastKnownFileType = sourcecode.swift; path = VehicleDetailsInteractor.swift; sourceTree = "<group>"; };
		F82A0B9F28F9DA0D004D9B3D /* ActivityIndicatorView.swift */ = {isa = PBXFileReference; lastKnownFileType = sourcecode.swift; path = ActivityIndicatorView.swift; sourceTree = "<group>"; };
		F82A0BA128F9DBF1004D9B3D /* LoadingView.swift */ = {isa = PBXFileReference; lastKnownFileType = sourcecode.swift; path = LoadingView.swift; sourceTree = "<group>"; };
		F82A0BA328F9DD1C004D9B3D /* LoadingPresenterProtocol.swift */ = {isa = PBXFileReference; lastKnownFileType = sourcecode.swift; path = LoadingPresenterProtocol.swift; sourceTree = "<group>"; };
		F82A0BA628F9E05F004D9B3D /* VehicleTypeExtensions.swift */ = {isa = PBXFileReference; lastKnownFileType = sourcecode.swift; path = VehicleTypeExtensions.swift; sourceTree = "<group>"; };
		F82A0BA828F9E960004D9B3D /* VehicleFinderService.swift */ = {isa = PBXFileReference; lastKnownFileType = sourcecode.swift; path = VehicleFinderService.swift; sourceTree = "<group>"; };
		F82A0BAA28F9ECF5004D9B3D /* VehicleDtoExtensions.swift */ = {isa = PBXFileReference; lastKnownFileType = sourcecode.swift; path = VehicleDtoExtensions.swift; sourceTree = "<group>"; };
		F82A0BAF28F9F344004D9B3D /* VehicleDetailsViewModel.swift */ = {isa = PBXFileReference; lastKnownFileType = sourcecode.swift; path = VehicleDetailsViewModel.swift; sourceTree = "<group>"; };
		F82A0BB128F9F6AB004D9B3D /* UILabelExtensions.swift */ = {isa = PBXFileReference; lastKnownFileType = sourcecode.swift; path = UILabelExtensions.swift; sourceTree = "<group>"; };
		F8921C7928F60A7000504274 /* Scooters.app */ = {isa = PBXFileReference; explicitFileType = wrapper.application; includeInIndex = 0; path = Scooters.app; sourceTree = BUILT_PRODUCTS_DIR; };
		F8921C7C28F60A7000504274 /* AppDelegate.swift */ = {isa = PBXFileReference; lastKnownFileType = sourcecode.swift; path = AppDelegate.swift; sourceTree = "<group>"; };
		F8921C8528F60A7100504274 /* Assets.xcassets */ = {isa = PBXFileReference; lastKnownFileType = folder.assetcatalog; path = Assets.xcassets; sourceTree = "<group>"; };
		F8921C8828F60A7100504274 /* Base */ = {isa = PBXFileReference; lastKnownFileType = file.storyboard; name = Base; path = Base.lproj/LaunchScreen.storyboard; sourceTree = "<group>"; };
		F8921C8A28F60A7100504274 /* Info.plist */ = {isa = PBXFileReference; lastKnownFileType = text.plist.xml; path = Info.plist; sourceTree = "<group>"; };
		F8921C8F28F60A7200504274 /* ScootersTests.xctest */ = {isa = PBXFileReference; explicitFileType = wrapper.cfbundle; includeInIndex = 0; path = ScootersTests.xctest; sourceTree = BUILT_PRODUCTS_DIR; };
		F8921C9328F60A7200504274 /* ScootersTests.swift */ = {isa = PBXFileReference; lastKnownFileType = sourcecode.swift; path = ScootersTests.swift; sourceTree = "<group>"; };
		F8921C9928F60A7200504274 /* ScootersUITests.xctest */ = {isa = PBXFileReference; explicitFileType = wrapper.cfbundle; includeInIndex = 0; path = ScootersUITests.xctest; sourceTree = BUILT_PRODUCTS_DIR; };
		F8921C9D28F60A7200504274 /* ScootersUITests.swift */ = {isa = PBXFileReference; lastKnownFileType = sourcecode.swift; path = ScootersUITests.swift; sourceTree = "<group>"; };
		F8921C9F28F60A7200504274 /* ScootersUITestsLaunchTests.swift */ = {isa = PBXFileReference; lastKnownFileType = sourcecode.swift; path = ScootersUITestsLaunchTests.swift; sourceTree = "<group>"; };
		F8921CB228F610AC00504274 /* HomeCoordinator.swift */ = {isa = PBXFileReference; lastKnownFileType = sourcecode.swift; path = HomeCoordinator.swift; sourceTree = "<group>"; };
		F8921CB428F610EE00504274 /* AppCoordinator.swift */ = {isa = PBXFileReference; fileEncoding = 4; lastKnownFileType = sourcecode.swift; path = AppCoordinator.swift; sourceTree = "<group>"; };
		F8921CBF28F749F300504274 /* en */ = {isa = PBXFileReference; lastKnownFileType = text.plist.strings; name = en; path = en.lproj/Localizable.strings; sourceTree = "<group>"; };
		F8921CC128F74A0300504274 /* hu */ = {isa = PBXFileReference; lastKnownFileType = text.plist.strings; name = hu; path = hu.lproj/Localizable.strings; sourceTree = "<group>"; };
		F8921CC328F74B4500504274 /* Assets.swift */ = {isa = PBXFileReference; lastKnownFileType = sourcecode.swift; path = Assets.swift; sourceTree = "<group>"; };
		F8921CC528F74F2000504274 /* Strings.swift */ = {isa = PBXFileReference; lastKnownFileType = sourcecode.swift; path = Strings.swift; sourceTree = "<group>"; };
		F8921CC728F7517900504274 /* Dependencies.swift */ = {isa = PBXFileReference; fileEncoding = 4; lastKnownFileType = sourcecode.swift; path = Dependencies.swift; sourceTree = "<group>"; };
		F8921CCA28F7581C00504274 /* UIViewExtensions.swift */ = {isa = PBXFileReference; lastKnownFileType = sourcecode.swift; path = UIViewExtensions.swift; sourceTree = "<group>"; };
		F8921CCC28F7596F00504274 /* HomeViewController.swift */ = {isa = PBXFileReference; lastKnownFileType = sourcecode.swift; path = HomeViewController.swift; sourceTree = "<group>"; };
		F8921CCE28F7599500504274 /* HomePresenter.swift */ = {isa = PBXFileReference; lastKnownFileType = sourcecode.swift; path = HomePresenter.swift; sourceTree = "<group>"; };
		F8921CD128F75B3800504274 /* RootContainerViewController.swift */ = {isa = PBXFileReference; lastKnownFileType = sourcecode.swift; path = RootContainerViewController.swift; sourceTree = "<group>"; };
		F8921CD328F75D4400504274 /* UIViewControllerExtensions.swift */ = {isa = PBXFileReference; lastKnownFileType = sourcecode.swift; path = UIViewControllerExtensions.swift; sourceTree = "<group>"; };
		F8921CD628F766A700504274 /* NetworkClient.swift */ = {isa = PBXFileReference; lastKnownFileType = sourcecode.swift; path = NetworkClient.swift; sourceTree = "<group>"; };
		F8921CD928F768D600504274 /* VehiclesApi.swift */ = {isa = PBXFileReference; lastKnownFileType = sourcecode.swift; path = VehiclesApi.swift; sourceTree = "<group>"; };
		F8921CDD28F76AB200504274 /* HomeAssembly.swift */ = {isa = PBXFileReference; lastKnownFileType = sourcecode.swift; path = HomeAssembly.swift; sourceTree = "<group>"; };
		F8921CDF28F76AC900504274 /* NetworkAssembly.swift */ = {isa = PBXFileReference; lastKnownFileType = sourcecode.swift; path = NetworkAssembly.swift; sourceTree = "<group>"; };
		F8921CE728F87F7D00504274 /* Base.xcconfig */ = {isa = PBXFileReference; lastKnownFileType = text.xcconfig; path = Base.xcconfig; sourceTree = "<group>"; };
		F8921CE828F8813A00504274 /* BaseUrlProvider.swift */ = {isa = PBXFileReference; lastKnownFileType = sourcecode.swift; path = BaseUrlProvider.swift; sourceTree = "<group>"; };
		F8921CEA28F8819900504274 /* VehiclesResponseDTO.swift */ = {isa = PBXFileReference; lastKnownFileType = sourcecode.swift; path = VehiclesResponseDTO.swift; sourceTree = "<group>"; };
		F8921CEC28F8839B00504274 /* VehicleDTO.swift */ = {isa = PBXFileReference; lastKnownFileType = sourcecode.swift; path = VehicleDTO.swift; sourceTree = "<group>"; };
		F8921CEE28F883AF00504274 /* VehicleAttributesDTO.swift */ = {isa = PBXFileReference; lastKnownFileType = sourcecode.swift; path = VehicleAttributesDTO.swift; sourceTree = "<group>"; };
		F8921CF028F883D000504274 /* VehicleType.swift */ = {isa = PBXFileReference; lastKnownFileType = sourcecode.swift; path = VehicleType.swift; sourceTree = "<group>"; };
		F8921CF228F8885400504274 /* HomeInteractor.swift */ = {isa = PBXFileReference; lastKnownFileType = sourcecode.swift; path = HomeInteractor.swift; sourceTree = "<group>"; };
		F8921CF428F8941100504274 /* Fonts.swift */ = {isa = PBXFileReference; lastKnownFileType = sourcecode.swift; path = Fonts.swift; sourceTree = "<group>"; };
		F8921CF628F8977500504274 /* NSLayoutConstraintExtensions.swift */ = {isa = PBXFileReference; lastKnownFileType = sourcecode.swift; path = NSLayoutConstraintExtensions.swift; sourceTree = "<group>"; };
		F8921CF928F89AD600504274 /* HomeModel.swift */ = {isa = PBXFileReference; lastKnownFileType = sourcecode.swift; path = HomeModel.swift; sourceTree = "<group>"; };
		F8921CFC28F89E2300504274 /* ReusableView.swift */ = {isa = PBXFileReference; lastKnownFileType = sourcecode.swift; path = ReusableView.swift; sourceTree = "<group>"; };
		F8921CFF28F89EB200504274 /* VehicleAnnotationView.swift */ = {isa = PBXFileReference; lastKnownFileType = sourcecode.swift; path = VehicleAnnotationView.swift; sourceTree = "<group>"; };
		F8921D0128F89EE800504274 /* VehicleClusterAnnotationView.swift */ = {isa = PBXFileReference; lastKnownFileType = sourcecode.swift; path = VehicleClusterAnnotationView.swift; sourceTree = "<group>"; };
		F8921D0328F8B44300504274 /* ClientInterceptor.swift */ = {isa = PBXFileReference; lastKnownFileType = sourcecode.swift; path = ClientInterceptor.swift; sourceTree = "<group>"; };
		F8921D0628F8B82B00504274 /* LocationService.swift */ = {isa = PBXFileReference; lastKnownFileType = sourcecode.swift; path = LocationService.swift; sourceTree = "<group>"; };
		F8921D0828F8BBAD00504274 /* CoreAssembly.swift */ = {isa = PBXFileReference; lastKnownFileType = sourcecode.swift; path = CoreAssembly.swift; sourceTree = "<group>"; };
/* End PBXFileReference section */

/* Begin PBXFrameworksBuildPhase section */
		F8921C7628F60A7000504274 /* Frameworks */ = {
			isa = PBXFrameworksBuildPhase;
			buildActionMask = 2147483647;
			files = (
				F8921CB828F6126000504274 /* Alamofire in Frameworks */,
				F8921CBB28F612A000504274 /* Swinject in Frameworks */,
			);
			runOnlyForDeploymentPostprocessing = 0;
		};
		F8921C8C28F60A7200504274 /* Frameworks */ = {
			isa = PBXFrameworksBuildPhase;
			buildActionMask = 2147483647;
			files = (
			);
			runOnlyForDeploymentPostprocessing = 0;
		};
		F8921C9628F60A7200504274 /* Frameworks */ = {
			isa = PBXFrameworksBuildPhase;
			buildActionMask = 2147483647;
			files = (
			);
			runOnlyForDeploymentPostprocessing = 0;
		};
/* End PBXFrameworksBuildPhase section */

/* Begin PBXGroup section */
		F82A0B9328F9D17D004D9B3D /* VehicleDetails */ = {
			isa = PBXGroup;
			children = (
				F82A0BAE28F9F33B004D9B3D /* Model */,
				F82A0B9428F9D18C004D9B3D /* VehicleDetailsViewController.swift */,
				F82A0B9628F9D1E9004D9B3D /* VehicleDetailsPresenter.swift */,
				F82A0B9C28F9D351004D9B3D /* VehicleDetailsInteractor.swift */,
			);
			path = VehicleDetails;
			sourceTree = "<group>";
		};
		F82A0B9E28F9D9FA004D9B3D /* Views */ = {
			isa = PBXGroup;
			children = (
				F82A0B9F28F9DA0D004D9B3D /* ActivityIndicatorView.swift */,
				F82A0BA128F9DBF1004D9B3D /* LoadingView.swift */,
				F8921CFC28F89E2300504274 /* ReusableView.swift */,
			);
			path = Views;
			sourceTree = "<group>";
		};
		F82A0BA528F9E050004D9B3D /* Model */ = {
			isa = PBXGroup;
			children = (
				F8921CF928F89AD600504274 /* HomeModel.swift */,
			);
			path = Model;
			sourceTree = "<group>";
		};
		F82A0BAE28F9F33B004D9B3D /* Model */ = {
			isa = PBXGroup;
			children = (
				F82A0BAF28F9F344004D9B3D /* VehicleDetailsViewModel.swift */,
			);
			path = Model;
			sourceTree = "<group>";
		};
		F8921C7028F60A6F00504274 = {
			isa = PBXGroup;
			children = (
				F8921C7B28F60A7000504274 /* Scooters */,
				F8921C9228F60A7200504274 /* ScootersTests */,
				F8921C9C28F60A7200504274 /* ScootersUITests */,
				F8921C7A28F60A7000504274 /* Products */,
			);
			sourceTree = "<group>";
		};
		F8921C7A28F60A7000504274 /* Products */ = {
			isa = PBXGroup;
			children = (
				F8921C7928F60A7000504274 /* Scooters.app */,
				F8921C8F28F60A7200504274 /* ScootersTests.xctest */,
				F8921C9928F60A7200504274 /* ScootersUITests.xctest */,
			);
			name = Products;
			sourceTree = "<group>";
		};
		F8921C7B28F60A7000504274 /* Scooters */ = {
			isa = PBXGroup;
			children = (
				F8921CAD28F6105D00504274 /* App */,
				F8921CAF28F6107600504274 /* Configuration */,
				F8921CD028F75B2600504274 /* DI */,
				F8921CC928F7580800504274 /* Extensions */,
				F8921CD528F7669800504274 /* Network */,
				F8921CAE28F6106600504274 /* Resources */,
				F8921CB028F6108D00504274 /* Scenes */,
				F8921D0528F8B81A00504274 /* Services */,
				F82A0B9E28F9D9FA004D9B3D /* Views */,
			);
			path = Scooters;
			sourceTree = "<group>";
		};
		F8921C9228F60A7200504274 /* ScootersTests */ = {
			isa = PBXGroup;
			children = (
				F8921C9328F60A7200504274 /* ScootersTests.swift */,
			);
			path = ScootersTests;
			sourceTree = "<group>";
		};
		F8921C9C28F60A7200504274 /* ScootersUITests */ = {
			isa = PBXGroup;
			children = (
				F8921C9D28F60A7200504274 /* ScootersUITests.swift */,
				F8921C9F28F60A7200504274 /* ScootersUITestsLaunchTests.swift */,
			);
			path = ScootersUITests;
			sourceTree = "<group>";
		};
		F8921CAD28F6105D00504274 /* App */ = {
			isa = PBXGroup;
			children = (
				F8921C7C28F60A7000504274 /* AppDelegate.swift */,
				F8921CB428F610EE00504274 /* AppCoordinator.swift */,
				F8921CD128F75B3800504274 /* RootContainerViewController.swift */,
			);
			path = App;
			sourceTree = "<group>";
		};
		F8921CAE28F6106600504274 /* Resources */ = {
			isa = PBXGroup;
			children = (
				F8921CC228F74AEB00504274 /* Generated */,
				F8921C8528F60A7100504274 /* Assets.xcassets */,
				F8921C8728F60A7100504274 /* LaunchScreen.storyboard */,
				F8921CC028F749F300504274 /* Localizable.strings */,
				F8921CF428F8941100504274 /* Fonts.swift */,
			);
			path = Resources;
			sourceTree = "<group>";
		};
		F8921CAF28F6107600504274 /* Configuration */ = {
			isa = PBXGroup;
			children = (
				F8921C8A28F60A7100504274 /* Info.plist */,
				F8921CE728F87F7D00504274 /* Base.xcconfig */,
			);
			path = Configuration;
			sourceTree = "<group>";
		};
		F8921CB028F6108D00504274 /* Scenes */ = {
			isa = PBXGroup;
			children = (
				F82A0B9328F9D17D004D9B3D /* VehicleDetails */,
				F8921CB128F6109800504274 /* Home */,
				F82A0B8F28F9CB22004D9B3D /* ErrorPresenterProtocol.swift */,
				F82A0B9128F9CDBC004D9B3D /* ErrorHandlingView.swift */,
				F82A0BA328F9DD1C004D9B3D /* LoadingPresenterProtocol.swift */,
			);
			path = Scenes;
			sourceTree = "<group>";
		};
		F8921CB128F6109800504274 /* Home */ = {
			isa = PBXGroup;
			children = (
				F82A0BA528F9E050004D9B3D /* Model */,
				F8921CFE28F89EA500504274 /* Views */,
				F8921CB228F610AC00504274 /* HomeCoordinator.swift */,
				F8921CF228F8885400504274 /* HomeInteractor.swift */,
				F8921CCE28F7599500504274 /* HomePresenter.swift */,
				F8921CCC28F7596F00504274 /* HomeViewController.swift */,
			);
			path = Home;
			sourceTree = "<group>";
		};
		F8921CC228F74AEB00504274 /* Generated */ = {
			isa = PBXGroup;
			children = (
				F8921CC328F74B4500504274 /* Assets.swift */,
				F8921CC528F74F2000504274 /* Strings.swift */,
			);
			path = Generated;
			sourceTree = "<group>";
		};
		F8921CC928F7580800504274 /* Extensions */ = {
			isa = PBXGroup;
			children = (
				F8921CF628F8977500504274 /* NSLayoutConstraintExtensions.swift */,
				F82A0BB128F9F6AB004D9B3D /* UILabelExtensions.swift */,
				F8921CD328F75D4400504274 /* UIViewControllerExtensions.swift */,
				F8921CCA28F7581C00504274 /* UIViewExtensions.swift */,
				F82A0BAA28F9ECF5004D9B3D /* VehicleDtoExtensions.swift */,
				F82A0BA628F9E05F004D9B3D /* VehicleTypeExtensions.swift */,
			);
			path = Extensions;
			sourceTree = "<group>";
		};
		F8921CD028F75B2600504274 /* DI */ = {
			isa = PBXGroup;
			children = (
				F8921CDC28F76AA400504274 /* Assemblies */,
				F8921CC728F7517900504274 /* Dependencies.swift */,
			);
			path = DI;
			sourceTree = "<group>";
		};
		F8921CD528F7669800504274 /* Network */ = {
			isa = PBXGroup;
			children = (
				F8921CD828F768A500504274 /* API */,
				F8921CDB28F7690500504274 /* DTO */,
				F8921CE828F8813A00504274 /* BaseUrlProvider.swift */,
				F8921CD628F766A700504274 /* NetworkClient.swift */,
				F8921D0328F8B44300504274 /* ClientInterceptor.swift */,
			);
			path = Network;
			sourceTree = "<group>";
		};
		F8921CD828F768A500504274 /* API */ = {
			isa = PBXGroup;
			children = (
				F8921CD928F768D600504274 /* VehiclesApi.swift */,
			);
			path = API;
			sourceTree = "<group>";
		};
		F8921CDB28F7690500504274 /* DTO */ = {
			isa = PBXGroup;
			children = (
				F8921CEE28F883AF00504274 /* VehicleAttributesDTO.swift */,
				F8921CEC28F8839B00504274 /* VehicleDTO.swift */,
				F8921CEA28F8819900504274 /* VehiclesResponseDTO.swift */,
				F8921CF028F883D000504274 /* VehicleType.swift */,
			);
			path = DTO;
			sourceTree = "<group>";
		};
		F8921CDC28F76AA400504274 /* Assemblies */ = {
			isa = PBXGroup;
			children = (
				F8921D0828F8BBAD00504274 /* CoreAssembly.swift */,
				F8921CDD28F76AB200504274 /* HomeAssembly.swift */,
				F8921CDF28F76AC900504274 /* NetworkAssembly.swift */,
				F82A0B9A28F9D30F004D9B3D /* VehicleDetailsAssembly.swift */,
			);
			path = Assemblies;
			sourceTree = "<group>";
		};
		F8921CFE28F89EA500504274 /* Views */ = {
			isa = PBXGroup;
			children = (
				F8921CFF28F89EB200504274 /* VehicleAnnotationView.swift */,
				F8921D0128F89EE800504274 /* VehicleClusterAnnotationView.swift */,
			);
			path = Views;
			sourceTree = "<group>";
		};
		F8921D0528F8B81A00504274 /* Services */ = {
			isa = PBXGroup;
			children = (
				F8921D0628F8B82B00504274 /* LocationService.swift */,
				F82A0BA828F9E960004D9B3D /* VehicleFinderService.swift */,
				F82A0B9828F9D27F004D9B3D /* VehicleRepositoryService.swift */,
			);
			path = Services;
			sourceTree = "<group>";
		};
/* End PBXGroup section */

/* Begin PBXNativeTarget section */
		F8921C7828F60A7000504274 /* Scooters */ = {
			isa = PBXNativeTarget;
			buildConfigurationList = F8921CA328F60A7200504274 /* Build configuration list for PBXNativeTarget "Scooters" */;
			buildPhases = (
				F8921CAC28F60AB600504274 /* SwiftLint */,
				F8921C7528F60A7000504274 /* Sources */,
				F8921C7628F60A7000504274 /* Frameworks */,
				F8921C7728F60A7000504274 /* Resources */,
			);
			buildRules = (
			);
			dependencies = (
			);
			name = Scooters;
			packageProductDependencies = (
				F8921CB728F6126000504274 /* Alamofire */,
				F8921CBA28F612A000504274 /* Swinject */,
			);
			productName = Scooters;
			productReference = F8921C7928F60A7000504274 /* Scooters.app */;
			productType = "com.apple.product-type.application";
		};
		F8921C8E28F60A7200504274 /* ScootersTests */ = {
			isa = PBXNativeTarget;
			buildConfigurationList = F8921CA628F60A7200504274 /* Build configuration list for PBXNativeTarget "ScootersTests" */;
			buildPhases = (
				F8921C8B28F60A7200504274 /* Sources */,
				F8921C8C28F60A7200504274 /* Frameworks */,
				F8921C8D28F60A7200504274 /* Resources */,
			);
			buildRules = (
			);
			dependencies = (
				F8921C9128F60A7200504274 /* PBXTargetDependency */,
			);
			name = ScootersTests;
			productName = ScootersTests;
			productReference = F8921C8F28F60A7200504274 /* ScootersTests.xctest */;
			productType = "com.apple.product-type.bundle.unit-test";
		};
		F8921C9828F60A7200504274 /* ScootersUITests */ = {
			isa = PBXNativeTarget;
			buildConfigurationList = F8921CA928F60A7200504274 /* Build configuration list for PBXNativeTarget "ScootersUITests" */;
			buildPhases = (
				F8921C9528F60A7200504274 /* Sources */,
				F8921C9628F60A7200504274 /* Frameworks */,
				F8921C9728F60A7200504274 /* Resources */,
			);
			buildRules = (
			);
			dependencies = (
				F8921C9B28F60A7200504274 /* PBXTargetDependency */,
			);
			name = ScootersUITests;
			productName = ScootersUITests;
			productReference = F8921C9928F60A7200504274 /* ScootersUITests.xctest */;
			productType = "com.apple.product-type.bundle.ui-testing";
		};
/* End PBXNativeTarget section */

/* Begin PBXProject section */
		F8921C7128F60A6F00504274 /* Project object */ = {
			isa = PBXProject;
			attributes = {
				BuildIndependentTargetsInParallel = 1;
				LastSwiftUpdateCheck = 1400;
				LastUpgradeCheck = 1400;
				TargetAttributes = {
					F8921C7828F60A7000504274 = {
						CreatedOnToolsVersion = 14.0.1;
					};
					F8921C8E28F60A7200504274 = {
						CreatedOnToolsVersion = 14.0.1;
						TestTargetID = F8921C7828F60A7000504274;
					};
					F8921C9828F60A7200504274 = {
						CreatedOnToolsVersion = 14.0.1;
						TestTargetID = F8921C7828F60A7000504274;
					};
				};
			};
			buildConfigurationList = F8921C7428F60A6F00504274 /* Build configuration list for PBXProject "Scooters" */;
			compatibilityVersion = "Xcode 14.0";
			developmentRegion = en;
			hasScannedForEncodings = 0;
			knownRegions = (
				en,
				Base,
				hu,
			);
			mainGroup = F8921C7028F60A6F00504274;
			packageReferences = (
				F8921CB628F6126000504274 /* XCRemoteSwiftPackageReference "Alamofire" */,
				F8921CB928F612A000504274 /* XCRemoteSwiftPackageReference "Swinject" */,
			);
			productRefGroup = F8921C7A28F60A7000504274 /* Products */;
			projectDirPath = "";
			projectRoot = "";
			targets = (
				F8921C7828F60A7000504274 /* Scooters */,
				F8921C8E28F60A7200504274 /* ScootersTests */,
				F8921C9828F60A7200504274 /* ScootersUITests */,
			);
		};
/* End PBXProject section */

/* Begin PBXResourcesBuildPhase section */
		F8921C7728F60A7000504274 /* Resources */ = {
			isa = PBXResourcesBuildPhase;
			buildActionMask = 2147483647;
			files = (
				F8921C8928F60A7100504274 /* LaunchScreen.storyboard in Resources */,
				F8921CBE28F749F300504274 /* Localizable.strings in Resources */,
				F8921C8628F60A7100504274 /* Assets.xcassets in Resources */,
			);
			runOnlyForDeploymentPostprocessing = 0;
		};
		F8921C8D28F60A7200504274 /* Resources */ = {
			isa = PBXResourcesBuildPhase;
			buildActionMask = 2147483647;
			files = (
			);
			runOnlyForDeploymentPostprocessing = 0;
		};
		F8921C9728F60A7200504274 /* Resources */ = {
			isa = PBXResourcesBuildPhase;
			buildActionMask = 2147483647;
			files = (
			);
			runOnlyForDeploymentPostprocessing = 0;
		};
/* End PBXResourcesBuildPhase section */

/* Begin PBXShellScriptBuildPhase section */
		F8921CAC28F60AB600504274 /* SwiftLint */ = {
			isa = PBXShellScriptBuildPhase;
			buildActionMask = 2147483647;
			files = (
			);
			inputFileListPaths = (
			);
			inputPaths = (
			);
			name = SwiftLint;
			outputFileListPaths = (
			);
			outputPaths = (
			);
			runOnlyForDeploymentPostprocessing = 0;
			shellPath = /bin/sh;
			shellScript = "if which mint >/dev/null; then\n  mint run swiftlint\nelse\n  echo \"warning: SwiftLint not installed, download from https://github.com/realm/SwiftLint\"\nfi\n";
		};
/* End PBXShellScriptBuildPhase section */

/* Begin PBXSourcesBuildPhase section */
		F8921C7528F60A7000504274 /* Sources */ = {
			isa = PBXSourcesBuildPhase;
			buildActionMask = 2147483647;
			files = (
				F8921CB528F610EE00504274 /* AppCoordinator.swift in Sources */,
				F8921CD228F75B3800504274 /* RootContainerViewController.swift in Sources */,
				F82A0BA928F9E960004D9B3D /* VehicleFinderService.swift in Sources */,
				F8921CC828F7517900504274 /* Dependencies.swift in Sources */,
				F8921CEB28F8819900504274 /* VehiclesResponseDTO.swift in Sources */,
				F82A0BAB28F9ECF5004D9B3D /* VehicleDtoExtensions.swift in Sources */,
				F8921CCB28F7581C00504274 /* UIViewExtensions.swift in Sources */,
				F8921CD428F75D4400504274 /* UIViewControllerExtensions.swift in Sources */,
				F8921CF328F8885400504274 /* HomeInteractor.swift in Sources */,
				F82A0BA428F9DD1C004D9B3D /* LoadingPresenterProtocol.swift in Sources */,
				F8921CEF28F883AF00504274 /* VehicleAttributesDTO.swift in Sources */,
				F8921CF528F8941100504274 /* Fonts.swift in Sources */,
				F8921CCF28F7599500504274 /* HomePresenter.swift in Sources */,
				F8921CDE28F76AB200504274 /* HomeAssembly.swift in Sources */,
				F82A0BA228F9DBF1004D9B3D /* LoadingView.swift in Sources */,
				F82A0B9D28F9D351004D9B3D /* VehicleDetailsInteractor.swift in Sources */,
				F8921CFD28F89E2300504274 /* ReusableView.swift in Sources */,
				F8921D0228F89EE800504274 /* VehicleClusterAnnotationView.swift in Sources */,
				F8921C7D28F60A7000504274 /* AppDelegate.swift in Sources */,
				F82A0B9528F9D18C004D9B3D /* VehicleDetailsViewController.swift in Sources */,
				F8921CE028F76AC900504274 /* NetworkAssembly.swift in Sources */,
				F82A0BA028F9DA0D004D9B3D /* ActivityIndicatorView.swift in Sources */,
				F82A0BB028F9F344004D9B3D /* VehicleDetailsViewModel.swift in Sources */,
				F8921CE928F8813A00504274 /* BaseUrlProvider.swift in Sources */,
				F82A0B9B28F9D30F004D9B3D /* VehicleDetailsAssembly.swift in Sources */,
				F8921CCD28F7596F00504274 /* HomeViewController.swift in Sources */,
				F82A0B9028F9CB22004D9B3D /* ErrorPresenterProtocol.swift in Sources */,
				F82A0BA728F9E05F004D9B3D /* VehicleTypeExtensions.swift in Sources */,
				F8921CC428F74B4500504274 /* Assets.swift in Sources */,
				F82A0B9728F9D1E9004D9B3D /* VehicleDetailsPresenter.swift in Sources */,
				F8921D0928F8BBAD00504274 /* CoreAssembly.swift in Sources */,
				F8921CDA28F768D600504274 /* VehiclesApi.swift in Sources */,
				F82A0BB228F9F6AB004D9B3D /* UILabelExtensions.swift in Sources */,
				F8921D0028F89EB200504274 /* VehicleAnnotationView.swift in Sources */,
				F8921D0428F8B44300504274 /* ClientInterceptor.swift in Sources */,
				F8921CED28F8839B00504274 /* VehicleDTO.swift in Sources */,
				F8921CC628F74F2000504274 /* Strings.swift in Sources */,
				F8921CB328F610AC00504274 /* HomeCoordinator.swift in Sources */,
				F82A0B9928F9D27F004D9B3D /* VehicleRepositoryService.swift in Sources */,
				F8921CFA28F89AD600504274 /* HomeModel.swift in Sources */,
				F8921D0728F8B82B00504274 /* LocationService.swift in Sources */,
				F82A0B9228F9CDBC004D9B3D /* ErrorHandlingView.swift in Sources */,
				F8921CF128F883D000504274 /* VehicleType.swift in Sources */,
				F8921CF728F8977600504274 /* NSLayoutConstraintExtensions.swift in Sources */,
				F8921CD728F766A700504274 /* NetworkClient.swift in Sources */,
			);
			runOnlyForDeploymentPostprocessing = 0;
		};
		F8921C8B28F60A7200504274 /* Sources */ = {
			isa = PBXSourcesBuildPhase;
			buildActionMask = 2147483647;
			files = (
				F8921C9428F60A7200504274 /* ScootersTests.swift in Sources */,
			);
			runOnlyForDeploymentPostprocessing = 0;
		};
		F8921C9528F60A7200504274 /* Sources */ = {
			isa = PBXSourcesBuildPhase;
			buildActionMask = 2147483647;
			files = (
				F8921CA028F60A7200504274 /* ScootersUITestsLaunchTests.swift in Sources */,
				F8921C9E28F60A7200504274 /* ScootersUITests.swift in Sources */,
			);
			runOnlyForDeploymentPostprocessing = 0;
		};
/* End PBXSourcesBuildPhase section */

/* Begin PBXTargetDependency section */
		F8921C9128F60A7200504274 /* PBXTargetDependency */ = {
			isa = PBXTargetDependency;
			target = F8921C7828F60A7000504274 /* Scooters */;
			targetProxy = F8921C9028F60A7200504274 /* PBXContainerItemProxy */;
		};
		F8921C9B28F60A7200504274 /* PBXTargetDependency */ = {
			isa = PBXTargetDependency;
			target = F8921C7828F60A7000504274 /* Scooters */;
			targetProxy = F8921C9A28F60A7200504274 /* PBXContainerItemProxy */;
		};
/* End PBXTargetDependency section */

/* Begin PBXVariantGroup section */
		F8921C8728F60A7100504274 /* LaunchScreen.storyboard */ = {
			isa = PBXVariantGroup;
			children = (
				F8921C8828F60A7100504274 /* Base */,
			);
			name = LaunchScreen.storyboard;
			sourceTree = "<group>";
		};
		F8921CC028F749F300504274 /* Localizable.strings */ = {
			isa = PBXVariantGroup;
			children = (
				F8921CBF28F749F300504274 /* en */,
				F8921CC128F74A0300504274 /* hu */,
			);
			name = Localizable.strings;
			sourceTree = "<group>";
		};
/* End PBXVariantGroup section */

/* Begin XCBuildConfiguration section */
		F8921CA128F60A7200504274 /* Debug */ = {
			isa = XCBuildConfiguration;
			buildSettings = {
				ALWAYS_SEARCH_USER_PATHS = NO;
				CLANG_ANALYZER_LOCALIZABILITY_NONLOCALIZED = YES;
				CLANG_ANALYZER_NONNULL = YES;
				CLANG_ANALYZER_NUMBER_OBJECT_CONVERSION = YES_AGGRESSIVE;
				CLANG_CXX_LANGUAGE_STANDARD = "gnu++20";
				CLANG_ENABLE_MODULES = YES;
				CLANG_ENABLE_OBJC_ARC = YES;
				CLANG_ENABLE_OBJC_WEAK = YES;
				CLANG_WARN_BLOCK_CAPTURE_AUTORELEASING = YES;
				CLANG_WARN_BOOL_CONVERSION = YES;
				CLANG_WARN_COMMA = YES;
				CLANG_WARN_CONSTANT_CONVERSION = YES;
				CLANG_WARN_DEPRECATED_OBJC_IMPLEMENTATIONS = YES;
				CLANG_WARN_DIRECT_OBJC_ISA_USAGE = YES_ERROR;
				CLANG_WARN_DOCUMENTATION_COMMENTS = YES;
				CLANG_WARN_EMPTY_BODY = YES;
				CLANG_WARN_ENUM_CONVERSION = YES;
				CLANG_WARN_INFINITE_RECURSION = YES;
				CLANG_WARN_INT_CONVERSION = YES;
				CLANG_WARN_NON_LITERAL_NULL_CONVERSION = YES;
				CLANG_WARN_OBJC_IMPLICIT_RETAIN_SELF = YES;
				CLANG_WARN_OBJC_LITERAL_CONVERSION = YES;
				CLANG_WARN_OBJC_ROOT_CLASS = YES_ERROR;
				CLANG_WARN_QUOTED_INCLUDE_IN_FRAMEWORK_HEADER = YES;
				CLANG_WARN_RANGE_LOOP_ANALYSIS = YES;
				CLANG_WARN_STRICT_PROTOTYPES = YES;
				CLANG_WARN_SUSPICIOUS_MOVE = YES;
				CLANG_WARN_UNGUARDED_AVAILABILITY = YES_AGGRESSIVE;
				CLANG_WARN_UNREACHABLE_CODE = YES;
				CLANG_WARN__DUPLICATE_METHOD_MATCH = YES;
				COPY_PHASE_STRIP = NO;
				DEBUG_INFORMATION_FORMAT = dwarf;
				ENABLE_STRICT_OBJC_MSGSEND = YES;
				ENABLE_TESTABILITY = YES;
				GCC_C_LANGUAGE_STANDARD = gnu11;
				GCC_DYNAMIC_NO_PIC = NO;
				GCC_NO_COMMON_BLOCKS = YES;
				GCC_OPTIMIZATION_LEVEL = 0;
				GCC_PREPROCESSOR_DEFINITIONS = (
					"DEBUG=1",
					"$(inherited)",
				);
				GCC_WARN_64_TO_32_BIT_CONVERSION = YES;
				GCC_WARN_ABOUT_RETURN_TYPE = YES_ERROR;
				GCC_WARN_UNDECLARED_SELECTOR = YES;
				GCC_WARN_UNINITIALIZED_AUTOS = YES_AGGRESSIVE;
				GCC_WARN_UNUSED_FUNCTION = YES;
				GCC_WARN_UNUSED_VARIABLE = YES;
				IPHONEOS_DEPLOYMENT_TARGET = 15.0;
				MTL_ENABLE_DEBUG_INFO = INCLUDE_SOURCE;
				MTL_FAST_MATH = YES;
				ONLY_ACTIVE_ARCH = YES;
				SDKROOT = iphoneos;
				SWIFT_ACTIVE_COMPILATION_CONDITIONS = DEBUG;
				SWIFT_OPTIMIZATION_LEVEL = "-Onone";
			};
			name = Debug;
		};
		F8921CA228F60A7200504274 /* Release */ = {
			isa = XCBuildConfiguration;
			buildSettings = {
				ALWAYS_SEARCH_USER_PATHS = NO;
				CLANG_ANALYZER_LOCALIZABILITY_NONLOCALIZED = YES;
				CLANG_ANALYZER_NONNULL = YES;
				CLANG_ANALYZER_NUMBER_OBJECT_CONVERSION = YES_AGGRESSIVE;
				CLANG_CXX_LANGUAGE_STANDARD = "gnu++20";
				CLANG_ENABLE_MODULES = YES;
				CLANG_ENABLE_OBJC_ARC = YES;
				CLANG_ENABLE_OBJC_WEAK = YES;
				CLANG_WARN_BLOCK_CAPTURE_AUTORELEASING = YES;
				CLANG_WARN_BOOL_CONVERSION = YES;
				CLANG_WARN_COMMA = YES;
				CLANG_WARN_CONSTANT_CONVERSION = YES;
				CLANG_WARN_DEPRECATED_OBJC_IMPLEMENTATIONS = YES;
				CLANG_WARN_DIRECT_OBJC_ISA_USAGE = YES_ERROR;
				CLANG_WARN_DOCUMENTATION_COMMENTS = YES;
				CLANG_WARN_EMPTY_BODY = YES;
				CLANG_WARN_ENUM_CONVERSION = YES;
				CLANG_WARN_INFINITE_RECURSION = YES;
				CLANG_WARN_INT_CONVERSION = YES;
				CLANG_WARN_NON_LITERAL_NULL_CONVERSION = YES;
				CLANG_WARN_OBJC_IMPLICIT_RETAIN_SELF = YES;
				CLANG_WARN_OBJC_LITERAL_CONVERSION = YES;
				CLANG_WARN_OBJC_ROOT_CLASS = YES_ERROR;
				CLANG_WARN_QUOTED_INCLUDE_IN_FRAMEWORK_HEADER = YES;
				CLANG_WARN_RANGE_LOOP_ANALYSIS = YES;
				CLANG_WARN_STRICT_PROTOTYPES = YES;
				CLANG_WARN_SUSPICIOUS_MOVE = YES;
				CLANG_WARN_UNGUARDED_AVAILABILITY = YES_AGGRESSIVE;
				CLANG_WARN_UNREACHABLE_CODE = YES;
				CLANG_WARN__DUPLICATE_METHOD_MATCH = YES;
				COPY_PHASE_STRIP = NO;
				DEBUG_INFORMATION_FORMAT = "dwarf-with-dsym";
				ENABLE_NS_ASSERTIONS = NO;
				ENABLE_STRICT_OBJC_MSGSEND = YES;
				GCC_C_LANGUAGE_STANDARD = gnu11;
				GCC_NO_COMMON_BLOCKS = YES;
				GCC_WARN_64_TO_32_BIT_CONVERSION = YES;
				GCC_WARN_ABOUT_RETURN_TYPE = YES_ERROR;
				GCC_WARN_UNDECLARED_SELECTOR = YES;
				GCC_WARN_UNINITIALIZED_AUTOS = YES_AGGRESSIVE;
				GCC_WARN_UNUSED_FUNCTION = YES;
				GCC_WARN_UNUSED_VARIABLE = YES;
				IPHONEOS_DEPLOYMENT_TARGET = 15.0;
				MTL_ENABLE_DEBUG_INFO = NO;
				MTL_FAST_MATH = YES;
				SDKROOT = iphoneos;
				SWIFT_COMPILATION_MODE = wholemodule;
				SWIFT_OPTIMIZATION_LEVEL = "-O";
				VALIDATE_PRODUCT = YES;
			};
			name = Release;
		};
		F8921CA428F60A7200504274 /* Debug */ = {
			isa = XCBuildConfiguration;
			baseConfigurationReference = F8921CE728F87F7D00504274 /* Base.xcconfig */;
			buildSettings = {
				ASSETCATALOG_COMPILER_APPICON_NAME = AppIcon;
				ASSETCATALOG_COMPILER_GLOBAL_ACCENT_COLOR_NAME = AccentColor;
				CODE_SIGN_STYLE = Automatic;
				CURRENT_PROJECT_VERSION = 1;
				DEVELOPMENT_TEAM = B45VTM2JTZ;
				GENERATE_INFOPLIST_FILE = YES;
				INFOPLIST_FILE = Scooters/Configuration/Info.plist;
				INFOPLIST_KEY_UIApplicationSupportsIndirectInputEvents = YES;
				INFOPLIST_KEY_UILaunchStoryboardName = LaunchScreen;
				INFOPLIST_KEY_UISupportedInterfaceOrientations = UIInterfaceOrientationPortrait;
				INFOPLIST_KEY_UISupportedInterfaceOrientations_iPad = "UIInterfaceOrientationLandscapeLeft UIInterfaceOrientationLandscapeRight UIInterfaceOrientationPortrait UIInterfaceOrientationPortraitUpsideDown";
				IPHONEOS_DEPLOYMENT_TARGET = 15.0;
				LD_RUNPATH_SEARCH_PATHS = (
					"$(inherited)",
					"@executable_path/Frameworks",
				);
				MARKETING_VERSION = 1.0;
				PRODUCT_BUNDLE_IDENTIFIER = hu.barnabasillanicz.Scooters;
				PRODUCT_NAME = "$(TARGET_NAME)";
				SUPPORTED_PLATFORMS = "iphoneos iphonesimulator";
				SUPPORTS_MACCATALYST = NO;
				SUPPORTS_MAC_DESIGNED_FOR_IPHONE_IPAD = NO;
				SWIFT_EMIT_LOC_STRINGS = YES;
				SWIFT_VERSION = 5.0;
				TARGETED_DEVICE_FAMILY = 1;
			};
			name = Debug;
		};
		F8921CA528F60A7200504274 /* Release */ = {
			isa = XCBuildConfiguration;
			baseConfigurationReference = F8921CE728F87F7D00504274 /* Base.xcconfig */;
			buildSettings = {
				ASSETCATALOG_COMPILER_APPICON_NAME = AppIcon;
				ASSETCATALOG_COMPILER_GLOBAL_ACCENT_COLOR_NAME = AccentColor;
				CODE_SIGN_STYLE = Automatic;
				CURRENT_PROJECT_VERSION = 1;
				DEVELOPMENT_TEAM = B45VTM2JTZ;
				GENERATE_INFOPLIST_FILE = YES;
				INFOPLIST_FILE = Scooters/Configuration/Info.plist;
				INFOPLIST_KEY_UIApplicationSupportsIndirectInputEvents = YES;
				INFOPLIST_KEY_UILaunchStoryboardName = LaunchScreen;
				INFOPLIST_KEY_UISupportedInterfaceOrientations = UIInterfaceOrientationPortrait;
				INFOPLIST_KEY_UISupportedInterfaceOrientations_iPad = "UIInterfaceOrientationLandscapeLeft UIInterfaceOrientationLandscapeRight UIInterfaceOrientationPortrait UIInterfaceOrientationPortraitUpsideDown";
				IPHONEOS_DEPLOYMENT_TARGET = 15.0;
				LD_RUNPATH_SEARCH_PATHS = (
					"$(inherited)",
					"@executable_path/Frameworks",
				);
				MARKETING_VERSION = 1.0;
				PRODUCT_BUNDLE_IDENTIFIER = hu.barnabasillanicz.Scooters;
				PRODUCT_NAME = "$(TARGET_NAME)";
				SUPPORTED_PLATFORMS = "iphoneos iphonesimulator";
				SUPPORTS_MACCATALYST = NO;
				SUPPORTS_MAC_DESIGNED_FOR_IPHONE_IPAD = NO;
				SWIFT_EMIT_LOC_STRINGS = YES;
				SWIFT_VERSION = 5.0;
				TARGETED_DEVICE_FAMILY = 1;
			};
			name = Release;
		};
		F8921CA728F60A7200504274 /* Debug */ = {
			isa = XCBuildConfiguration;
			buildSettings = {
				ALWAYS_EMBED_SWIFT_STANDARD_LIBRARIES = YES;
				BUNDLE_LOADER = "$(TEST_HOST)";
				CODE_SIGN_STYLE = Automatic;
				CURRENT_PROJECT_VERSION = 1;
				DEVELOPMENT_TEAM = B45VTM2JTZ;
				GENERATE_INFOPLIST_FILE = YES;
				IPHONEOS_DEPLOYMENT_TARGET = 16.0;
				MARKETING_VERSION = 1.0;
				PRODUCT_BUNDLE_IDENTIFIER = hu.barnabasillanicz.ScootersTests;
				PRODUCT_NAME = "$(TARGET_NAME)";
				SWIFT_EMIT_LOC_STRINGS = NO;
				SWIFT_VERSION = 5.0;
				TARGETED_DEVICE_FAMILY = "1,2";
				TEST_HOST = "$(BUILT_PRODUCTS_DIR)/Scooters.app/$(BUNDLE_EXECUTABLE_FOLDER_PATH)/Scooters";
			};
			name = Debug;
		};
		F8921CA828F60A7200504274 /* Release */ = {
			isa = XCBuildConfiguration;
			buildSettings = {
				ALWAYS_EMBED_SWIFT_STANDARD_LIBRARIES = YES;
				BUNDLE_LOADER = "$(TEST_HOST)";
				CODE_SIGN_STYLE = Automatic;
				CURRENT_PROJECT_VERSION = 1;
				DEVELOPMENT_TEAM = B45VTM2JTZ;
				GENERATE_INFOPLIST_FILE = YES;
				IPHONEOS_DEPLOYMENT_TARGET = 16.0;
				MARKETING_VERSION = 1.0;
				PRODUCT_BUNDLE_IDENTIFIER = hu.barnabasillanicz.ScootersTests;
				PRODUCT_NAME = "$(TARGET_NAME)";
				SWIFT_EMIT_LOC_STRINGS = NO;
				SWIFT_VERSION = 5.0;
				TARGETED_DEVICE_FAMILY = "1,2";
				TEST_HOST = "$(BUILT_PRODUCTS_DIR)/Scooters.app/$(BUNDLE_EXECUTABLE_FOLDER_PATH)/Scooters";
			};
			name = Release;
		};
		F8921CAA28F60A7200504274 /* Debug */ = {
			isa = XCBuildConfiguration;
			buildSettings = {
				ALWAYS_EMBED_SWIFT_STANDARD_LIBRARIES = YES;
				CODE_SIGN_STYLE = Automatic;
				CURRENT_PROJECT_VERSION = 1;
				DEVELOPMENT_TEAM = B45VTM2JTZ;
				GENERATE_INFOPLIST_FILE = YES;
				MARKETING_VERSION = 1.0;
				PRODUCT_BUNDLE_IDENTIFIER = hu.barnabasillanicz.ScootersUITests;
				PRODUCT_NAME = "$(TARGET_NAME)";
				SWIFT_EMIT_LOC_STRINGS = NO;
				SWIFT_VERSION = 5.0;
				TARGETED_DEVICE_FAMILY = "1,2";
				TEST_TARGET_NAME = Scooters;
			};
			name = Debug;
		};
		F8921CAB28F60A7200504274 /* Release */ = {
			isa = XCBuildConfiguration;
			buildSettings = {
				ALWAYS_EMBED_SWIFT_STANDARD_LIBRARIES = YES;
				CODE_SIGN_STYLE = Automatic;
				CURRENT_PROJECT_VERSION = 1;
				DEVELOPMENT_TEAM = B45VTM2JTZ;
				GENERATE_INFOPLIST_FILE = YES;
				MARKETING_VERSION = 1.0;
				PRODUCT_BUNDLE_IDENTIFIER = hu.barnabasillanicz.ScootersUITests;
				PRODUCT_NAME = "$(TARGET_NAME)";
				SWIFT_EMIT_LOC_STRINGS = NO;
				SWIFT_VERSION = 5.0;
				TARGETED_DEVICE_FAMILY = "1,2";
				TEST_TARGET_NAME = Scooters;
			};
			name = Release;
		};
/* End XCBuildConfiguration section */

/* Begin XCConfigurationList section */
		F8921C7428F60A6F00504274 /* Build configuration list for PBXProject "Scooters" */ = {
			isa = XCConfigurationList;
			buildConfigurations = (
				F8921CA128F60A7200504274 /* Debug */,
				F8921CA228F60A7200504274 /* Release */,
			);
			defaultConfigurationIsVisible = 0;
			defaultConfigurationName = Release;
		};
		F8921CA328F60A7200504274 /* Build configuration list for PBXNativeTarget "Scooters" */ = {
			isa = XCConfigurationList;
			buildConfigurations = (
				F8921CA428F60A7200504274 /* Debug */,
				F8921CA528F60A7200504274 /* Release */,
			);
			defaultConfigurationIsVisible = 0;
			defaultConfigurationName = Release;
		};
		F8921CA628F60A7200504274 /* Build configuration list for PBXNativeTarget "ScootersTests" */ = {
			isa = XCConfigurationList;
			buildConfigurations = (
				F8921CA728F60A7200504274 /* Debug */,
				F8921CA828F60A7200504274 /* Release */,
			);
			defaultConfigurationIsVisible = 0;
			defaultConfigurationName = Release;
		};
		F8921CA928F60A7200504274 /* Build configuration list for PBXNativeTarget "ScootersUITests" */ = {
			isa = XCConfigurationList;
			buildConfigurations = (
				F8921CAA28F60A7200504274 /* Debug */,
				F8921CAB28F60A7200504274 /* Release */,
			);
			defaultConfigurationIsVisible = 0;
			defaultConfigurationName = Release;
		};
/* End XCConfigurationList section */

/* Begin XCRemoteSwiftPackageReference section */
		F8921CB628F6126000504274 /* XCRemoteSwiftPackageReference "Alamofire" */ = {
			isa = XCRemoteSwiftPackageReference;
			repositoryURL = "https://github.com/Alamofire/Alamofire";
			requirement = {
				kind = exactVersion;
				version = 5.6.2;
			};
		};
		F8921CB928F612A000504274 /* XCRemoteSwiftPackageReference "Swinject" */ = {
			isa = XCRemoteSwiftPackageReference;
			repositoryURL = "https://github.com/Swinject/Swinject";
			requirement = {
				kind = exactVersion;
				version = 2.8.2;
			};
		};
/* End XCRemoteSwiftPackageReference section */

/* Begin XCSwiftPackageProductDependency section */
		F8921CB728F6126000504274 /* Alamofire */ = {
			isa = XCSwiftPackageProductDependency;
			package = F8921CB628F6126000504274 /* XCRemoteSwiftPackageReference "Alamofire" */;
			productName = Alamofire;
		};
		F8921CBA28F612A000504274 /* Swinject */ = {
			isa = XCSwiftPackageProductDependency;
			package = F8921CB928F612A000504274 /* XCRemoteSwiftPackageReference "Swinject" */;
			productName = Swinject;
		};
/* End XCSwiftPackageProductDependency section */
	};
	rootObject = F8921C7128F60A6F00504274 /* Project object */;
}
